
Microsoft Visual Studio Solution File, Format Version 12.00
# Visual Studio 15
Project("{FAE04EC0-301F-11D3-BF4B-00C04F79EFBC}") = "Meta.WitAi.Conduit", "Meta.WitAi.Conduit.csproj", "{16A372A8-9723-BC1D-46FB-B87F6B87C409}"
EndProject
Project("{FAE04EC0-301F-11D3-BF4B-00C04F79EFBC}") = "Oculus.VR", "Oculus.VR.csproj", "{BD1459B6-FACA-8E4B-5B75-F5C6C507DA13}"
EndProject
Project("{FAE04EC0-301F-11D3-BF4B-00C04F79EFBC}") = "Oculus.Interaction", "Oculus.Interaction.csproj", "{9D7369D4-9CA4-3E98-C1A6-D339C835DCAB}"
EndProject
Project("{FAE04EC0-301F-11D3-BF4B-00C04F79EFBC}") = "Oculus.Interaction.Editor", "Oculus.Interaction.Editor.csproj", "{6A12716E-088C-281D-CB9B-BF6A33087218}"
EndProject
Project("{FAE04EC0-301F-11D3-BF4B-00C04F79EFBC}") = "Oculus.Platform", "Oculus.Platform.csproj", "{6DAA5E4C-0179-D418-A0B7-B84BAAFC9A05}"
EndProject
Project("{FAE04EC0-301F-11D3-BF4B-00C04F79EFBC}") = "VoiceSDK.Telemetry", "VoiceSDK.Telemetry.csproj", "{F630C012-725A-9E7D-664D-DAFBF199A6CD}"
EndProject
Project("{FAE04EC0-301F-11D3-BF4B-00C04F79EFBC}") = "Assembly-CSharp", "Assembly-CSharp.csproj", "{CD8C9303-404B-FB8D-6B9B-21988D5CAC0A}"
EndProject
Project("{FAE04EC0-301F-11D3-BF4B-00C04F79EFBC}") = "Oculus.Interaction.OVR.Samples", "Oculus.Interaction.OVR.Samples.csproj", "{4B58C306-5E0C-06BD-19EA-0E95F1DFCB47}"
EndProject
Project("{FAE04EC0-301F-11D3-BF4B-00C04F79EFBC}") = "Meta.WitAi.Lib", "Meta.WitAi.Lib.csproj", "{ECAC59F5-714D-6D85-B40C-377390769352}"
EndProject
Project("{FAE04EC0-301F-11D3-BF4B-00C04F79EFBC}") = "Meta.WitAi.Editor", "Meta.WitAi.Editor.csproj", "{FE461E96-532E-BAA1-2921-B43B61B1AA27}"
EndProject
Project("{FAE04EC0-301F-11D3-BF4B-00C04F79EFBC}") = "Meta.WitAi.Conduit.Editor", "Meta.WitAi.Conduit.Editor.csproj", "{E9338A92-318A-89F4-9820-3609F29C3E7A}"
EndProject
Project("{FAE04EC0-301F-11D3-BF4B-00C04F79EFBC}") = "Meta.WitAi", "Meta.WitAi.csproj", "{7CC3E1A8-5184-1DA8-2F89-5FFBCB92F9A2}"
EndProject
Project("{FAE04EC0-301F-11D3-BF4B-00C04F79EFBC}") = "Oculus.VR.Editor", "Oculus.VR.Editor.csproj", "{179AE1AE-28FE-7C76-74A6-B33EB386803E}"
EndProject
Project("{FAE04EC0-301F-11D3-BF4B-00C04F79EFBC}") = "Oculus.LipSync", "Oculus.LipSync.csproj", "{35461AC8-0127-E8E3-74F4-336CFF871FBE}"
EndProject
Project("{FAE04EC0-301F-11D3-BF4B-00C04F79EFBC}") = "Oculus.Interaction.OVR", "Oculus.Interaction.OVR.csproj", "{92177EE3-8EB6-67C0-EACF-A960D9632BC8}"
EndProject
Project("{FAE04EC0-301F-11D3-BF4B-00C04F79EFBC}") = "VoiceSDK.Editor", "VoiceSDK.Editor.csproj", "{27489FD7-0537-B0AE-D67C-B0D58D5453D8}"
EndProject
Project("{FAE04EC0-301F-11D3-BF4B-00C04F79EFBC}") = "Meta.WitAI.Lib.Editor", "Meta.WitAI.Lib.Editor.csproj", "{D4E07A0F-D1C6-1D44-37FF-A862B987D66E}"
EndProject
Project("{FAE04EC0-301F-11D3-BF4B-00C04F79EFBC}") = "Meta.WitAi.TTS", "Meta.WitAi.TTS.csproj", "{F27BC8BB-3E45-F443-147B-DE6FEEC071CA}"
EndProject
Project("{FAE04EC0-301F-11D3-BF4B-00C04F79EFBC}") = "Oculus.AudioManager", "Oculus.AudioManager.csproj", "{97287A7A-9CAA-5ECF-E4A3-EC3C9E753915}"
EndProject
Project("{FAE04EC0-301F-11D3-BF4B-00C04F79EFBC}") = "Meta.WitAi.TTS.Editor", "Meta.WitAi.TTS.Editor.csproj", "{4F8BD068-19E9-ED89-2835-966E4D4F2313}"
EndProject
Project("{FAE04EC0-301F-11D3-BF4B-00C04F79EFBC}") = "Meta.Voice.Samples.BuiltInTimer", "Meta.Voice.Samples.BuiltInTimer.csproj", "{2742B83B-9C7D-5C86-8600-6375BBC5DC57}"
EndProject
Project("{FAE04EC0-301F-11D3-BF4B-00C04F79EFBC}") = "Meta.Voice.VSDKHub.Editor", "Meta.Voice.VSDKHub.Editor.csproj", "{66596AFF-28C2-1E50-4134-414400763388}"
EndProject
Project("{FAE04EC0-301F-11D3-BF4B-00C04F79EFBC}") = "VoiceSDK.Dictation.Runtime", "VoiceSDK.Dictation.Runtime.csproj", "{C235B0CA-7806-F1C8-00D4-A17B4AF87157}"
EndProject
Project("{FAE04EC0-301F-11D3-BF4B-00C04F79EFBC}") = "AssistantCoreSDKRuntime", "AssistantCoreSDKRuntime.csproj", "{83896AD1-64F4-2B40-5806-4A7169E07B98}"
EndProject
Project("{FAE04EC0-301F-11D3-BF4B-00C04F79EFBC}") = "Assembly-CSharp-Editor", "Assembly-CSharp-Editor.csproj", "{6311E6C6-0A20-383B-320B-694068DE37A5}"
EndProject
Project("{FAE04EC0-301F-11D3-BF4B-00C04F79EFBC}") = "Meta.Voice.Samples.TTSVoices", "Meta.Voice.Samples.TTSVoices.csproj", "{58232384-70FE-E5ED-E42C-E584070A9B0C}"
EndProject
Project("{FAE04EC0-301F-11D3-BF4B-00C04F79EFBC}") = "VoiceSDK.Runtime", "VoiceSDK.Runtime.csproj", "{1003D13B-2DBB-8A22-BF0A-183A822792E5}"
EndProject
Project("{FAE04EC0-301F-11D3-BF4B-00C04F79EFBC}") = "Meta.WitAi.TTS.Samples", "Meta.WitAi.TTS.Samples.csproj", "{A83A0B30-9B77-F23D-94D1-EA7CE3C6CDC8}"
EndProject
Project("{FAE04EC0-301F-11D3-BF4B-00C04F79EFBC}") = "Oculus.VR.Scripts.Editor", "Oculus.VR.Scripts.Editor.csproj", "{CE66A77D-1536-3271-6416-3778BE9800E0}"
EndProject
Project("{FAE04EC0-301F-11D3-BF4B-00C04F79EFBC}") = "Meta.Voice.Samples.LightTraits", "Meta.Voice.Samples.LightTraits.csproj", "{37512F04-EB97-68D9-9866-951D04999FAD}"
EndProject
Project("{FAE04EC0-301F-11D3-BF4B-00C04F79EFBC}") = "Meta.Voice.Hub.Editor", "Meta.Voice.Hub.Editor.csproj", "{294CE2D0-FB42-5596-2E37-61BA2D4CFA22}"
EndProject
Project("{FAE04EC0-301F-11D3-BF4B-00C04F79EFBC}") = "Oculus.Interaction.Samples.Editor", "Oculus.Interaction.Samples.Editor.csproj", "{768E9419-9C82-CF2C-6157-B84588214EA3}"
EndProject
Project("{FAE04EC0-301F-11D3-BF4B-00C04F79EFBC}") = "Oculus.Platform.Editor", "Oculus.Platform.Editor.csproj", "{50BF51E8-0535-23A3-984F-320EE4D8BC9B}"
EndProject
Project("{FAE04EC0-301F-11D3-BF4B-00C04F79EFBC}") = "Facebook.Wit.Dictation", "Facebook.Wit.Dictation.csproj", "{F0077B23-F211-73E3-60DD-8C0115A36F69}"
EndProject
Project("{FAE04EC0-301F-11D3-BF4B-00C04F79EFBC}") = "Oculus.Spatializer.Editor", "Oculus.Spatializer.Editor.csproj", "{870CAFDF-D76E-E093-C97D-D63A887A92A4}"
EndProject
Project("{FAE04EC0-301F-11D3-BF4B-00C04F79EFBC}") = "Oculus.LipSync.Editor", "Oculus.LipSync.Editor.csproj", "{3A8238FE-BB39-E4B8-8031-61E634D08561}"
EndProject
Project("{FAE04EC0-301F-11D3-BF4B-00C04F79EFBC}") = "Oculus.AudioManager.Utils.Editor", "Oculus.AudioManager.Utils.Editor.csproj", "{B2E1F0EC-6EEF-22EE-23B3-79363561A896}"
EndProject
Project("{FAE04EC0-301F-11D3-BF4B-00C04F79EFBC}") = "Meta.VoiceSDK.Mic.Common", "Meta.VoiceSDK.Mic.Common.csproj", "{70A5B796-23B7-A283-243D-693402039BE9}"
EndProject
Project("{FAE04EC0-301F-11D3-BF4B-00C04F79EFBC}") = "Meta.Voice.Samples.ShapesConduit", "Meta.Voice.Samples.ShapesConduit.csproj", "{0F4D2532-4C34-AB0B-A1F9-04E7557F6D1C}"
EndProject
Project("{FAE04EC0-301F-11D3-BF4B-00C04F79EFBC}") = "Oculus.Spatializer", "Oculus.Spatializer.csproj", "{3378F5C2-DD5E-A9FA-6663-836665D374B7}"
EndProject
Project("{FAE04EC0-301F-11D3-BF4B-00C04F79EFBC}") = "Meta.VoiceSDK.Mic.Other", "Meta.VoiceSDK.Mic.Other.csproj", "{74B2B1AE-0F51-53B7-F70E-553B97B20820}"
EndProject
Project("{FAE04EC0-301F-11D3-BF4B-00C04F79EFBC}") = "Oculus.Interaction.InterfaceSupport", "Oculus.Interaction.InterfaceSupport.csproj", "{42EAC5FE-8737-027B-9E47-956FA0DCE5E9}"
EndProject
Project("{FAE04EC0-301F-11D3-BF4B-00C04F79EFBC}") = "Oculus.AudioManager.Audio.Editor", "Oculus.AudioManager.Audio.Editor.csproj", "{D28A24DB-901A-3645-9695-17D21D21AA50}"
EndProject
Project("{FAE04EC0-301F-11D3-BF4B-00C04F79EFBC}") = "Meta.Voice.Samples.LiveUnderstanding", "Meta.Voice.Samples.LiveUnderstanding.csproj", "{BE59D60C-8A26-4AE6-97B6-710FC80C3E6B}"
EndProject
Project("{FAE04EC0-301F-11D3-BF4B-00C04F79EFBC}") = "VoiceSDK.Dictation.Editor", "VoiceSDK.Dictation.Editor.csproj", "{61CB0119-8E57-2058-14FE-3F3135FDC83F}"
EndProject
Project("{FAE04EC0-301F-11D3-BF4B-00C04F79EFBC}") = "AssistantCoreSDKEditor", "AssistantCoreSDKEditor.csproj", "{0C26B5E7-22FF-0D3D-9D30-A2AC82FF9DAE}"
EndProject
Project("{FAE04EC0-301F-11D3-BF4B-00C04F79EFBC}") = "Meta.VoiceSDK.Mic.WebGL", "Meta.VoiceSDK.Mic.WebGL.csproj", "{473DC71B-B7A0-1A0D-B282-24742B70610B}"
EndProject
Project("{FAE04EC0-301F-11D3-BF4B-00C04F79EFBC}") = "Meta.Voice.Hub.Runtime", "Meta.Voice.Hub.Runtime.csproj", "{5374422E-3B0D-2BF4-CE49-9FEAB16BBB68}"
EndProject
Project("{FAE04EC0-301F-11D3-BF4B-00C04F79EFBC}") = "Meta.Voice.Samples.Chess", "Meta.Voice.Samples.Chess.csproj", "{5F29652D-E08C-557D-9B1D-0FED1D9CA704}"
EndProject
Project("{FAE04EC0-301F-11D3-BF4B-00C04F79EFBC}") = "Meta.Voice.Samples.Dictation", "Meta.Voice.Samples.Dictation.csproj", "{F055E79E-B9EA-8D13-9A95-53FF67D70071}"
EndProject
Project("{FAE04EC0-301F-11D3-BF4B-00C04F79EFBC}") = "Meta.Voice.Samples.Shapes", "Meta.Voice.Samples.Shapes.csproj", "{CC02EEAA-4686-548C-0DB8-45740947E513}"
EndProject
Project("{FAE04EC0-301F-11D3-BF4B-00C04F79EFBC}") = "Oculus.Interaction.OVR.Editor", "Oculus.Interaction.OVR.Editor.csproj", "{789B893B-DD40-4266-2CAA-F10B702115B8}"
EndProject
Project("{FAE04EC0-301F-11D3-BF4B-00C04F79EFBC}") = "Facebook.Wit.Dictation.Editor", "Facebook.Wit.Dictation.Editor.csproj", "{E4190479-482D-46C3-C5D7-3619CF5CC74C}"
EndProject
Global
	GlobalSection(SolutionConfigurationPlatforms) = preSolution
		Debug|Any CPU = Debug|Any CPU
		Release|Any CPU = Release|Any CPU
	EndGlobalSection
	GlobalSection(ProjectConfigurationPlatforms) = postSolution
		{16A372A8-9723-BC1D-46FB-B87F6B87C409}.Debug|Any CPU.ActiveCfg = Debug|Any CPU
		{16A372A8-9723-BC1D-46FB-B87F6B87C409}.Debug|Any CPU.Build.0 = Debug|Any CPU
		{16A372A8-9723-BC1D-46FB-B87F6B87C409}.Release|Any CPU.ActiveCfg = Release|Any CPU
		{16A372A8-9723-BC1D-46FB-B87F6B87C409}.Release|Any CPU.Build.0 = Release|Any CPU
		{BD1459B6-FACA-8E4B-5B75-F5C6C507DA13}.Debug|Any CPU.ActiveCfg = Debug|Any CPU
		{BD1459B6-FACA-8E4B-5B75-F5C6C507DA13}.Debug|Any CPU.Build.0 = Debug|Any CPU
		{BD1459B6-FACA-8E4B-5B75-F5C6C507DA13}.Release|Any CPU.ActiveCfg = Release|Any CPU
		{BD1459B6-FACA-8E4B-5B75-F5C6C507DA13}.Release|Any CPU.Build.0 = Release|Any CPU
		{9D7369D4-9CA4-3E98-C1A6-D339C835DCAB}.Debug|Any CPU.ActiveCfg = Debug|Any CPU
		{9D7369D4-9CA4-3E98-C1A6-D339C835DCAB}.Debug|Any CPU.Build.0 = Debug|Any CPU
		{9D7369D4-9CA4-3E98-C1A6-D339C835DCAB}.Release|Any CPU.ActiveCfg = Release|Any CPU
		{9D7369D4-9CA4-3E98-C1A6-D339C835DCAB}.Release|Any CPU.Build.0 = Release|Any CPU
		{6A12716E-088C-281D-CB9B-BF6A33087218}.Debug|Any CPU.ActiveCfg = Debug|Any CPU
		{6A12716E-088C-281D-CB9B-BF6A33087218}.Debug|Any CPU.Build.0 = Debug|Any CPU
		{6A12716E-088C-281D-CB9B-BF6A33087218}.Release|Any CPU.ActiveCfg = Release|Any CPU
		{6A12716E-088C-281D-CB9B-BF6A33087218}.Release|Any CPU.Build.0 = Release|Any CPU
		{6DAA5E4C-0179-D418-A0B7-B84BAAFC9A05}.Debug|Any CPU.ActiveCfg = Debug|Any CPU
		{6DAA5E4C-0179-D418-A0B7-B84BAAFC9A05}.Debug|Any CPU.Build.0 = Debug|Any CPU
		{6DAA5E4C-0179-D418-A0B7-B84BAAFC9A05}.Release|Any CPU.ActiveCfg = Release|Any CPU
		{6DAA5E4C-0179-D418-A0B7-B84BAAFC9A05}.Release|Any CPU.Build.0 = Release|Any CPU
		{F630C012-725A-9E7D-664D-DAFBF199A6CD}.Debug|Any CPU.ActiveCfg = Debug|Any CPU
		{F630C012-725A-9E7D-664D-DAFBF199A6CD}.Debug|Any CPU.Build.0 = Debug|Any CPU
		{F630C012-725A-9E7D-664D-DAFBF199A6CD}.Release|Any CPU.ActiveCfg = Release|Any CPU
		{F630C012-725A-9E7D-664D-DAFBF199A6CD}.Release|Any CPU.Build.0 = Release|Any CPU
		{CD8C9303-404B-FB8D-6B9B-21988D5CAC0A}.Debug|Any CPU.ActiveCfg = Debug|Any CPU
		{CD8C9303-404B-FB8D-6B9B-21988D5CAC0A}.Debug|Any CPU.Build.0 = Debug|Any CPU
		{CD8C9303-404B-FB8D-6B9B-21988D5CAC0A}.Release|Any CPU.ActiveCfg = Release|Any CPU
		{CD8C9303-404B-FB8D-6B9B-21988D5CAC0A}.Release|Any CPU.Build.0 = Release|Any CPU
		{4B58C306-5E0C-06BD-19EA-0E95F1DFCB47}.Debug|Any CPU.ActiveCfg = Debug|Any CPU
		{4B58C306-5E0C-06BD-19EA-0E95F1DFCB47}.Debug|Any CPU.Build.0 = Debug|Any CPU
		{4B58C306-5E0C-06BD-19EA-0E95F1DFCB47}.Release|Any CPU.ActiveCfg = Release|Any CPU
		{4B58C306-5E0C-06BD-19EA-0E95F1DFCB47}.Release|Any CPU.Build.0 = Release|Any CPU
		{ECAC59F5-714D-6D85-B40C-377390769352}.Debug|Any CPU.ActiveCfg = Debug|Any CPU
		{ECAC59F5-714D-6D85-B40C-377390769352}.Debug|Any CPU.Build.0 = Debug|Any CPU
		{ECAC59F5-714D-6D85-B40C-377390769352}.Release|Any CPU.ActiveCfg = Release|Any CPU
		{ECAC59F5-714D-6D85-B40C-377390769352}.Release|Any CPU.Build.0 = Release|Any CPU
		{FE461E96-532E-BAA1-2921-B43B61B1AA27}.Debug|Any CPU.ActiveCfg = Debug|Any CPU
		{FE461E96-532E-BAA1-2921-B43B61B1AA27}.Debug|Any CPU.Build.0 = Debug|Any CPU
		{FE461E96-532E-BAA1-2921-B43B61B1AA27}.Release|Any CPU.ActiveCfg = Release|Any CPU
		{FE461E96-532E-BAA1-2921-B43B61B1AA27}.Release|Any CPU.Build.0 = Release|Any CPU
		{E9338A92-318A-89F4-9820-3609F29C3E7A}.Debug|Any CPU.ActiveCfg = Debug|Any CPU
		{E9338A92-318A-89F4-9820-3609F29C3E7A}.Debug|Any CPU.Build.0 = Debug|Any CPU
		{E9338A92-318A-89F4-9820-3609F29C3E7A}.Release|Any CPU.ActiveCfg = Release|Any CPU
		{E9338A92-318A-89F4-9820-3609F29C3E7A}.Release|Any CPU.Build.0 = Release|Any CPU
		{7CC3E1A8-5184-1DA8-2F89-5FFBCB92F9A2}.Debug|Any CPU.ActiveCfg = Debug|Any CPU
		{7CC3E1A8-5184-1DA8-2F89-5FFBCB92F9A2}.Debug|Any CPU.Build.0 = Debug|Any CPU
		{7CC3E1A8-5184-1DA8-2F89-5FFBCB92F9A2}.Release|Any CPU.ActiveCfg = Release|Any CPU
		{7CC3E1A8-5184-1DA8-2F89-5FFBCB92F9A2}.Release|Any CPU.Build.0 = Release|Any CPU
		{179AE1AE-28FE-7C76-74A6-B33EB386803E}.Debug|Any CPU.ActiveCfg = Debug|Any CPU
		{179AE1AE-28FE-7C76-74A6-B33EB386803E}.Debug|Any CPU.Build.0 = Debug|Any CPU
		{179AE1AE-28FE-7C76-74A6-B33EB386803E}.Release|Any CPU.ActiveCfg = Release|Any CPU
		{179AE1AE-28FE-7C76-74A6-B33EB386803E}.Release|Any CPU.Build.0 = Release|Any CPU
		{35461AC8-0127-E8E3-74F4-336CFF871FBE}.Debug|Any CPU.ActiveCfg = Debug|Any CPU
		{35461AC8-0127-E8E3-74F4-336CFF871FBE}.Debug|Any CPU.Build.0 = Debug|Any CPU
		{35461AC8-0127-E8E3-74F4-336CFF871FBE}.Release|Any CPU.ActiveCfg = Release|Any CPU
		{35461AC8-0127-E8E3-74F4-336CFF871FBE}.Release|Any CPU.Build.0 = Release|Any CPU
		{92177EE3-8EB6-67C0-EACF-A960D9632BC8}.Debug|Any CPU.ActiveCfg = Debug|Any CPU
		{92177EE3-8EB6-67C0-EACF-A960D9632BC8}.Debug|Any CPU.Build.0 = Debug|Any CPU
		{92177EE3-8EB6-67C0-EACF-A960D9632BC8}.Release|Any CPU.ActiveCfg = Release|Any CPU
		{92177EE3-8EB6-67C0-EACF-A960D9632BC8}.Release|Any CPU.Build.0 = Release|Any CPU
		{27489FD7-0537-B0AE-D67C-B0D58D5453D8}.Debug|Any CPU.ActiveCfg = Debug|Any CPU
		{27489FD7-0537-B0AE-D67C-B0D58D5453D8}.Debug|Any CPU.Build.0 = Debug|Any CPU
		{27489FD7-0537-B0AE-D67C-B0D58D5453D8}.Release|Any CPU.ActiveCfg = Release|Any CPU
		{27489FD7-0537-B0AE-D67C-B0D58D5453D8}.Release|Any CPU.Build.0 = Release|Any CPU
		{D4E07A0F-D1C6-1D44-37FF-A862B987D66E}.Debug|Any CPU.ActiveCfg = Debug|Any CPU
		{D4E07A0F-D1C6-1D44-37FF-A862B987D66E}.Debug|Any CPU.Build.0 = Debug|Any CPU
		{D4E07A0F-D1C6-1D44-37FF-A862B987D66E}.Release|Any CPU.ActiveCfg = Release|Any CPU
		{D4E07A0F-D1C6-1D44-37FF-A862B987D66E}.Release|Any CPU.Build.0 = Release|Any CPU
		{F27BC8BB-3E45-F443-147B-DE6FEEC071CA}.Debug|Any CPU.ActiveCfg = Debug|Any CPU
		{F27BC8BB-3E45-F443-147B-DE6FEEC071CA}.Debug|Any CPU.Build.0 = Debug|Any CPU
		{F27BC8BB-3E45-F443-147B-DE6FEEC071CA}.Release|Any CPU.ActiveCfg = Release|Any CPU
		{F27BC8BB-3E45-F443-147B-DE6FEEC071CA}.Release|Any CPU.Build.0 = Release|Any CPU
		{97287A7A-9CAA-5ECF-E4A3-EC3C9E753915}.Debug|Any CPU.ActiveCfg = Debug|Any CPU
		{97287A7A-9CAA-5ECF-E4A3-EC3C9E753915}.Debug|Any CPU.Build.0 = Debug|Any CPU
		{97287A7A-9CAA-5ECF-E4A3-EC3C9E753915}.Release|Any CPU.ActiveCfg = Release|Any CPU
		{97287A7A-9CAA-5ECF-E4A3-EC3C9E753915}.Release|Any CPU.Build.0 = Release|Any CPU
		{4F8BD068-19E9-ED89-2835-966E4D4F2313}.Debug|Any CPU.ActiveCfg = Debug|Any CPU
		{4F8BD068-19E9-ED89-2835-966E4D4F2313}.Debug|Any CPU.Build.0 = Debug|Any CPU
		{4F8BD068-19E9-ED89-2835-966E4D4F2313}.Release|Any CPU.ActiveCfg = Release|Any CPU
		{4F8BD068-19E9-ED89-2835-966E4D4F2313}.Release|Any CPU.Build.0 = Release|Any CPU
		{2742B83B-9C7D-5C86-8600-6375BBC5DC57}.Debug|Any CPU.ActiveCfg = Debug|Any CPU
		{2742B83B-9C7D-5C86-8600-6375BBC5DC57}.Debug|Any CPU.Build.0 = Debug|Any CPU
		{2742B83B-9C7D-5C86-8600-6375BBC5DC57}.Release|Any CPU.ActiveCfg = Release|Any CPU
		{2742B83B-9C7D-5C86-8600-6375BBC5DC57}.Release|Any CPU.Build.0 = Release|Any CPU
		{66596AFF-28C2-1E50-4134-414400763388}.Debug|Any CPU.ActiveCfg = Debug|Any CPU
		{66596AFF-28C2-1E50-4134-414400763388}.Debug|Any CPU.Build.0 = Debug|Any CPU
		{66596AFF-28C2-1E50-4134-414400763388}.Release|Any CPU.ActiveCfg = Release|Any CPU
		{66596AFF-28C2-1E50-4134-414400763388}.Release|Any CPU.Build.0 = Release|Any CPU
		{C235B0CA-7806-F1C8-00D4-A17B4AF87157}.Debug|Any CPU.ActiveCfg = Debug|Any CPU
		{C235B0CA-7806-F1C8-00D4-A17B4AF87157}.Debug|Any CPU.Build.0 = Debug|Any CPU
		{C235B0CA-7806-F1C8-00D4-A17B4AF87157}.Release|Any CPU.ActiveCfg = Release|Any CPU
		{C235B0CA-7806-F1C8-00D4-A17B4AF87157}.Release|Any CPU.Build.0 = Release|Any CPU
		{83896AD1-64F4-2B40-5806-4A7169E07B98}.Debug|Any CPU.ActiveCfg = Debug|Any CPU
		{83896AD1-64F4-2B40-5806-4A7169E07B98}.Debug|Any CPU.Build.0 = Debug|Any CPU
		{83896AD1-64F4-2B40-5806-4A7169E07B98}.Release|Any CPU.ActiveCfg = Release|Any CPU
		{83896AD1-64F4-2B40-5806-4A7169E07B98}.Release|Any CPU.Build.0 = Release|Any CPU
		{6311E6C6-0A20-383B-320B-694068DE37A5}.Debug|Any CPU.ActiveCfg = Debug|Any CPU
		{6311E6C6-0A20-383B-320B-694068DE37A5}.Debug|Any CPU.Build.0 = Debug|Any CPU
		{6311E6C6-0A20-383B-320B-694068DE37A5}.Release|Any CPU.ActiveCfg = Release|Any CPU
		{6311E6C6-0A20-383B-320B-694068DE37A5}.Release|Any CPU.Build.0 = Release|Any CPU
		{58232384-70FE-E5ED-E42C-E584070A9B0C}.Debug|Any CPU.ActiveCfg = Debug|Any CPU
		{58232384-70FE-E5ED-E42C-E584070A9B0C}.Debug|Any CPU.Build.0 = Debug|Any CPU
		{58232384-70FE-E5ED-E42C-E584070A9B0C}.Release|Any CPU.ActiveCfg = Release|Any CPU
		{58232384-70FE-E5ED-E42C-E584070A9B0C}.Release|Any CPU.Build.0 = Release|Any CPU
		{1003D13B-2DBB-8A22-BF0A-183A822792E5}.Debug|Any CPU.ActiveCfg = Debug|Any CPU
		{1003D13B-2DBB-8A22-BF0A-183A822792E5}.Debug|Any CPU.Build.0 = Debug|Any CPU
		{1003D13B-2DBB-8A22-BF0A-183A822792E5}.Release|Any CPU.ActiveCfg = Release|Any CPU
		{1003D13B-2DBB-8A22-BF0A-183A822792E5}.Release|Any CPU.Build.0 = Release|Any CPU
		{A83A0B30-9B77-F23D-94D1-EA7CE3C6CDC8}.Debug|Any CPU.ActiveCfg = Debug|Any CPU
		{A83A0B30-9B77-F23D-94D1-EA7CE3C6CDC8}.Debug|Any CPU.Build.0 = Debug|Any CPU
		{A83A0B30-9B77-F23D-94D1-EA7CE3C6CDC8}.Release|Any CPU.ActiveCfg = Release|Any CPU
		{A83A0B30-9B77-F23D-94D1-EA7CE3C6CDC8}.Release|Any CPU.Build.0 = Release|Any CPU
		{CE66A77D-1536-3271-6416-3778BE9800E0}.Debug|Any CPU.ActiveCfg = Debug|Any CPU
		{CE66A77D-1536-3271-6416-3778BE9800E0}.Debug|Any CPU.Build.0 = Debug|Any CPU
		{CE66A77D-1536-3271-6416-3778BE9800E0}.Release|Any CPU.ActiveCfg = Release|Any CPU
		{CE66A77D-1536-3271-6416-3778BE9800E0}.Release|Any CPU.Build.0 = Release|Any CPU
		{37512F04-EB97-68D9-9866-951D04999FAD}.Debug|Any CPU.ActiveCfg = Debug|Any CPU
		{37512F04-EB97-68D9-9866-951D04999FAD}.Debug|Any CPU.Build.0 = Debug|Any CPU
		{37512F04-EB97-68D9-9866-951D04999FAD}.Release|Any CPU.ActiveCfg = Release|Any CPU
		{37512F04-EB97-68D9-9866-951D04999FAD}.Release|Any CPU.Build.0 = Release|Any CPU
		{294CE2D0-FB42-5596-2E37-61BA2D4CFA22}.Debug|Any CPU.ActiveCfg = Debug|Any CPU
		{294CE2D0-FB42-5596-2E37-61BA2D4CFA22}.Debug|Any CPU.Build.0 = Debug|Any CPU
		{294CE2D0-FB42-5596-2E37-61BA2D4CFA22}.Release|Any CPU.ActiveCfg = Release|Any CPU
		{294CE2D0-FB42-5596-2E37-61BA2D4CFA22}.Release|Any CPU.Build.0 = Release|Any CPU
		{768E9419-9C82-CF2C-6157-B84588214EA3}.Debug|Any CPU.ActiveCfg = Debug|Any CPU
		{768E9419-9C82-CF2C-6157-B84588214EA3}.Debug|Any CPU.Build.0 = Debug|Any CPU
		{768E9419-9C82-CF2C-6157-B84588214EA3}.Release|Any CPU.ActiveCfg = Release|Any CPU
		{768E9419-9C82-CF2C-6157-B84588214EA3}.Release|Any CPU.Build.0 = Release|Any CPU
		{50BF51E8-0535-23A3-984F-320EE4D8BC9B}.Debug|Any CPU.ActiveCfg = Debug|Any CPU
		{50BF51E8-0535-23A3-984F-320EE4D8BC9B}.Debug|Any CPU.Build.0 = Debug|Any CPU
		{50BF51E8-0535-23A3-984F-320EE4D8BC9B}.Release|Any CPU.ActiveCfg = Release|Any CPU
		{50BF51E8-0535-23A3-984F-320EE4D8BC9B}.Release|Any CPU.Build.0 = Release|Any CPU
		{F0077B23-F211-73E3-60DD-8C0115A36F69}.Debug|Any CPU.ActiveCfg = Debug|Any CPU
		{F0077B23-F211-73E3-60DD-8C0115A36F69}.Debug|Any CPU.Build.0 = Debug|Any CPU
		{F0077B23-F211-73E3-60DD-8C0115A36F69}.Release|Any CPU.ActiveCfg = Release|Any CPU
		{F0077B23-F211-73E3-60DD-8C0115A36F69}.Release|Any CPU.Build.0 = Release|Any CPU
		{870CAFDF-D76E-E093-C97D-D63A887A92A4}.Debug|Any CPU.ActiveCfg = Debug|Any CPU
		{870CAFDF-D76E-E093-C97D-D63A887A92A4}.Debug|Any CPU.Build.0 = Debug|Any CPU
		{870CAFDF-D76E-E093-C97D-D63A887A92A4}.Release|Any CPU.ActiveCfg = Release|Any CPU
		{870CAFDF-D76E-E093-C97D-D63A887A92A4}.Release|Any CPU.Build.0 = Release|Any CPU
		{3A8238FE-BB39-E4B8-8031-61E634D08561}.Debug|Any CPU.ActiveCfg = Debug|Any CPU
		{3A8238FE-BB39-E4B8-8031-61E634D08561}.Debug|Any CPU.Build.0 = Debug|Any CPU
		{3A8238FE-BB39-E4B8-8031-61E634D08561}.Release|Any CPU.ActiveCfg = Release|Any CPU
		{3A8238FE-BB39-E4B8-8031-61E634D08561}.Release|Any CPU.Build.0 = Release|Any CPU
		{B2E1F0EC-6EEF-22EE-23B3-79363561A896}.Debug|Any CPU.ActiveCfg = Debug|Any CPU
		{B2E1F0EC-6EEF-22EE-23B3-79363561A896}.Debug|Any CPU.Build.0 = Debug|Any CPU
		{B2E1F0EC-6EEF-22EE-23B3-79363561A896}.Release|Any CPU.ActiveCfg = Release|Any CPU
		{B2E1F0EC-6EEF-22EE-23B3-79363561A896}.Release|Any CPU.Build.0 = Release|Any CPU
		{70A5B796-23B7-A283-243D-693402039BE9}.Debug|Any CPU.ActiveCfg = Debug|Any CPU
		{70A5B796-23B7-A283-243D-693402039BE9}.Debug|Any CPU.Build.0 = Debug|Any CPU
		{70A5B796-23B7-A283-243D-693402039BE9}.Release|Any CPU.ActiveCfg = Release|Any CPU
		{70A5B796-23B7-A283-243D-693402039BE9}.Release|Any CPU.Build.0 = Release|Any CPU
		{0F4D2532-4C34-AB0B-A1F9-04E7557F6D1C}.Debug|Any CPU.ActiveCfg = Debug|Any CPU
		{0F4D2532-4C34-AB0B-A1F9-04E7557F6D1C}.Debug|Any CPU.Build.0 = Debug|Any CPU
		{0F4D2532-4C34-AB0B-A1F9-04E7557F6D1C}.Release|Any CPU.ActiveCfg = Release|Any CPU
		{0F4D2532-4C34-AB0B-A1F9-04E7557F6D1C}.Release|Any CPU.Build.0 = Release|Any CPU
		{3378F5C2-DD5E-A9FA-6663-836665D374B7}.Debug|Any CPU.ActiveCfg = Debug|Any CPU
		{3378F5C2-DD5E-A9FA-6663-836665D374B7}.Debug|Any CPU.Build.0 = Debug|Any CPU
		{3378F5C2-DD5E-A9FA-6663-836665D374B7}.Release|Any CPU.ActiveCfg = Release|Any CPU
		{3378F5C2-DD5E-A9FA-6663-836665D374B7}.Release|Any CPU.Build.0 = Release|Any CPU
		{74B2B1AE-0F51-53B7-F70E-553B97B20820}.Debug|Any CPU.ActiveCfg = Debug|Any CPU
		{74B2B1AE-0F51-53B7-F70E-553B97B20820}.Debug|Any CPU.Build.0 = Debug|Any CPU
		{74B2B1AE-0F51-53B7-F70E-553B97B20820}.Release|Any CPU.ActiveCfg = Release|Any CPU
		{74B2B1AE-0F51-53B7-F70E-553B97B20820}.Release|Any CPU.Build.0 = Release|Any CPU
		{42EAC5FE-8737-027B-9E47-956FA0DCE5E9}.Debug|Any CPU.ActiveCfg = Debug|Any CPU
		{42EAC5FE-8737-027B-9E47-956FA0DCE5E9}.Debug|Any CPU.Build.0 = Debug|Any CPU
		{42EAC5FE-8737-027B-9E47-956FA0DCE5E9}.Release|Any CPU.ActiveCfg = Release|Any CPU
		{42EAC5FE-8737-027B-9E47-956FA0DCE5E9}.Release|Any CPU.Build.0 = Release|Any CPU
		{D28A24DB-901A-3645-9695-17D21D21AA50}.Debug|Any CPU.ActiveCfg = Debug|Any CPU
		{D28A24DB-901A-3645-9695-17D21D21AA50}.Debug|Any CPU.Build.0 = Debug|Any CPU
		{D28A24DB-901A-3645-9695-17D21D21AA50}.Release|Any CPU.ActiveCfg = Release|Any CPU
		{D28A24DB-901A-3645-9695-17D21D21AA50}.Release|Any CPU.Build.0 = Release|Any CPU
		{BE59D60C-8A26-4AE6-97B6-710FC80C3E6B}.Debug|Any CPU.ActiveCfg = Debug|Any CPU
		{BE59D60C-8A26-4AE6-97B6-710FC80C3E6B}.Debug|Any CPU.Build.0 = Debug|Any CPU
		{BE59D60C-8A26-4AE6-97B6-710FC80C3E6B}.Release|Any CPU.ActiveCfg = Release|Any CPU
		{BE59D60C-8A26-4AE6-97B6-710FC80C3E6B}.Release|Any CPU.Build.0 = Release|Any CPU
		{61CB0119-8E57-2058-14FE-3F3135FDC83F}.Debug|Any CPU.ActiveCfg = Debug|Any CPU
		{61CB0119-8E57-2058-14FE-3F3135FDC83F}.Debug|Any CPU.Build.0 = Debug|Any CPU
		{61CB0119-8E57-2058-14FE-3F3135FDC83F}.Release|Any CPU.ActiveCfg = Release|Any CPU
		{61CB0119-8E57-2058-14FE-3F3135FDC83F}.Release|Any CPU.Build.0 = Release|Any CPU
		{0C26B5E7-22FF-0D3D-9D30-A2AC82FF9DAE}.Debug|Any CPU.ActiveCfg = Debug|Any CPU
		{0C26B5E7-22FF-0D3D-9D30-A2AC82FF9DAE}.Debug|Any CPU.Build.0 = Debug|Any CPU
		{0C26B5E7-22FF-0D3D-9D30-A2AC82FF9DAE}.Release|Any CPU.ActiveCfg = Release|Any CPU
		{0C26B5E7-22FF-0D3D-9D30-A2AC82FF9DAE}.Release|Any CPU.Build.0 = Release|Any CPU
		{473DC71B-B7A0-1A0D-B282-24742B70610B}.Debug|Any CPU.ActiveCfg = Debug|Any CPU
		{473DC71B-B7A0-1A0D-B282-24742B70610B}.Debug|Any CPU.Build.0 = Debug|Any CPU
		{473DC71B-B7A0-1A0D-B282-24742B70610B}.Release|Any CPU.ActiveCfg = Release|Any CPU
		{473DC71B-B7A0-1A0D-B282-24742B70610B}.Release|Any CPU.Build.0 = Release|Any CPU
		{5374422E-3B0D-2BF4-CE49-9FEAB16BBB68}.Debug|Any CPU.ActiveCfg = Debug|Any CPU
		{5374422E-3B0D-2BF4-CE49-9FEAB16BBB68}.Debug|Any CPU.Build.0 = Debug|Any CPU
		{5374422E-3B0D-2BF4-CE49-9FEAB16BBB68}.Release|Any CPU.ActiveCfg = Release|Any CPU
		{5374422E-3B0D-2BF4-CE49-9FEAB16BBB68}.Release|Any CPU.Build.0 = Release|Any CPU
		{5F29652D-E08C-557D-9B1D-0FED1D9CA704}.Debug|Any CPU.ActiveCfg = Debug|Any CPU
		{5F29652D-E08C-557D-9B1D-0FED1D9CA704}.Debug|Any CPU.Build.0 = Debug|Any CPU
		{5F29652D-E08C-557D-9B1D-0FED1D9CA704}.Release|Any CPU.ActiveCfg = Release|Any CPU
		{5F29652D-E08C-557D-9B1D-0FED1D9CA704}.Release|Any CPU.Build.0 = Release|Any CPU
		{F055E79E-B9EA-8D13-9A95-53FF67D70071}.Debug|Any CPU.ActiveCfg = Debug|Any CPU
		{F055E79E-B9EA-8D13-9A95-53FF67D70071}.Debug|Any CPU.Build.0 = Debug|Any CPU
		{F055E79E-B9EA-8D13-9A95-53FF67D70071}.Release|Any CPU.ActiveCfg = Release|Any CPU
		{F055E79E-B9EA-8D13-9A95-53FF67D70071}.Release|Any CPU.Build.0 = Release|Any CPU
		{CC02EEAA-4686-548C-0DB8-45740947E513}.Debug|Any CPU.ActiveCfg = Debug|Any CPU
		{CC02EEAA-4686-548C-0DB8-45740947E513}.Debug|Any CPU.Build.0 = Debug|Any CPU
		{CC02EEAA-4686-548C-0DB8-45740947E513}.Release|Any CPU.ActiveCfg = Release|Any CPU
		{CC02EEAA-4686-548C-0DB8-45740947E513}.Release|Any CPU.Build.0 = Release|Any CPU
		{789B893B-DD40-4266-2CAA-F10B702115B8}.Debug|Any CPU.ActiveCfg = Debug|Any CPU
		{789B893B-DD40-4266-2CAA-F10B702115B8}.Debug|Any CPU.Build.0 = Debug|Any CPU
		{789B893B-DD40-4266-2CAA-F10B702115B8}.Release|Any CPU.ActiveCfg = Release|Any CPU
		{789B893B-DD40-4266-2CAA-F10B702115B8}.Release|Any CPU.Build.0 = Release|Any CPU
		{E4190479-482D-46C3-C5D7-3619CF5CC74C}.Debug|Any CPU.ActiveCfg = Debug|Any CPU
		{E4190479-482D-46C3-C5D7-3619CF5CC74C}.Debug|Any CPU.Build.0 = Debug|Any CPU
		{E4190479-482D-46C3-C5D7-3619CF5CC74C}.Release|Any CPU.ActiveCfg = Release|Any CPU
		{E4190479-482D-46C3-C5D7-3619CF5CC74C}.Release|Any CPU.Build.0 = Release|Any CPU
	EndGlobalSection
	GlobalSection(SolutionProperties) = preSolution
		HideSolutionNode = FALSE
	EndGlobalSection
EndGlobal
